
Microsoft Visual Studio Solution File, Format Version 12.00
# Visual Studio 15
VisualStudioVersion = 15.0.26730.15
MinimumVisualStudioVersion = 10.0.40219.1
Project("{FAE04EC0-301F-11D3-BF4B-00C04F79EFBC}") = "Cyriller", "Cyriller\Cyriller.csproj", "{18887BCA-64CF-4FD0-84F5-3003B3003640}"
EndProject
Project("{2150E333-8FDC-42A3-9474-1A3956D46DE8}") = ".nuget", ".nuget", "{72F240C7-406C-45D9-AFC6-57F0DA338CBF}"
	ProjectSection(SolutionItems) = preProject
		.nuget\NuGet.Config = .nuget\NuGet.Config
		.nuget\NuGet.exe = .nuget\NuGet.exe
		.nuget\NuGet.targets = .nuget\NuGet.targets
	EndProjectSection
EndProject
Project("{FAE04EC0-301F-11D3-BF4B-00C04F79EFBC}") = "Cyriller.Checker", "Cyriller.Checker\Cyriller.Checker.csproj", "{A08715C4-9E57-40E1-857D-EFCE250FED54}"
EndProject
Project("{FAE04EC0-301F-11D3-BF4B-00C04F79EFBC}") = "Cyriller.Web", "Cyriller.Web\Cyriller.Web.csproj", "{B4EE6BD2-7870-4875-A3B1-E128CD229BD1}"
EndProject
Project("{2150E333-8FDC-42A3-9474-1A3956D46DE8}") = "Solution Items", "Solution Items", "{3F2AE49F-F3DD-40B5-9E14-D6AB102F1D91}"
	ProjectSection(SolutionItems) = preProject
		.gitignore = .gitignore
		README.md = README.md
	EndProjectSection
EndProject
Project("{FAE04EC0-301F-11D3-BF4B-00C04F79EFBC}") = "Cyriller.Tests", "Cyriller.Tests\Cyriller.Tests.csproj", "{357DB615-6EE9-47CF-8F69-570CB7B96BDF}"
EndProject
Global
	GlobalSection(SolutionConfigurationPlatforms) = preSolution
		Debug|Any CPU = Debug|Any CPU
		Release|Any CPU = Release|Any CPU
	EndGlobalSection
	GlobalSection(ProjectConfigurationPlatforms) = postSolution
		{18887BCA-64CF-4FD0-84F5-3003B3003640}.Debug|Any CPU.ActiveCfg = Debug|Any CPU
		{18887BCA-64CF-4FD0-84F5-3003B3003640}.Debug|Any CPU.Build.0 = Debug|Any CPU
		{18887BCA-64CF-4FD0-84F5-3003B3003640}.Release|Any CPU.ActiveCfg = Release|Any CPU
		{18887BCA-64CF-4FD0-84F5-3003B3003640}.Release|Any CPU.Build.0 = Release|Any CPU
		{A08715C4-9E57-40E1-857D-EFCE250FED54}.Debug|Any CPU.ActiveCfg = Debug|Any CPU
		{A08715C4-9E57-40E1-857D-EFCE250FED54}.Debug|Any CPU.Build.0 = Debug|Any CPU
		{A08715C4-9E57-40E1-857D-EFCE250FED54}.Release|Any CPU.ActiveCfg = Release|Any CPU
		{A08715C4-9E57-40E1-857D-EFCE250FED54}.Release|Any CPU.Build.0 = Release|Any CPU
		{B4EE6BD2-7870-4875-A3B1-E128CD229BD1}.Debug|Any CPU.ActiveCfg = Debug|Any CPU
		{B4EE6BD2-7870-4875-A3B1-E128CD229BD1}.Debug|Any CPU.Build.0 = Debug|Any CPU
		{B4EE6BD2-7870-4875-A3B1-E128CD229BD1}.Release|Any CPU.ActiveCfg = Release|Any CPU
		{B4EE6BD2-7870-4875-A3B1-E128CD229BD1}.Release|Any CPU.Build.0 = Release|Any CPU
		{357DB615-6EE9-47CF-8F69-570CB7B96BDF}.Debug|Any CPU.ActiveCfg = Debug|Any CPU
		{357DB615-6EE9-47CF-8F69-570CB7B96BDF}.Debug|Any CPU.Build.0 = Debug|Any CPU
		{357DB615-6EE9-47CF-8F69-570CB7B96BDF}.Release|Any CPU.ActiveCfg = Release|Any CPU
		{357DB615-6EE9-47CF-8F69-570CB7B96BDF}.Release|Any CPU.Build.0 = Release|Any CPU
	EndGlobalSection
	GlobalSection(SolutionProperties) = preSolution
		HideSolutionNode = FALSE
	EndGlobalSection
	GlobalSection(ExtensibilityGlobals) = postSolution
		SolutionGuid = {CE18E6B9-64A7-4D85-A887-6728F452D743}
	EndGlobalSection
EndGlobal
